
Microsoft Visual Studio Solution File, Format Version 12.00
# Visual Studio Version 16
VisualStudioVersion = 16.0.30517.126
MinimumVisualStudioVersion = 10.0.40219.1
Project("{FAE04EC0-301F-11D3-BF4B-00C04F79EFBC}") = "ProvaClasse", "ProvaClasse\ProvaClasse.csproj", "{5DA0EAC1-8C60-42BF-94D6-ABD50746D743}"
EndProject
Project("{FAE04EC0-301F-11D3-BF4B-00C04F79EFBC}") = "ControlLibrary", "Control Library\ControlLibrary.csproj", "{FB2668D3-ED33-41F6-A6BB-EC854FE2E2FB}"
EndProject
Project("{FAE04EC0-301F-11D3-BF4B-00C04F79EFBC}") = "NetworkUtilities", "NetworkUtilities\NetworkUtilities.csproj", "{D07C8195-73AD-4E32-8C2F-42BAF48F93EC}"
EndProject
Project("{FAE04EC0-301F-11D3-BF4B-00C04F79EFBC}") = "ConfigurationApp", "ConfigurationApp\ConfigurationApp.csproj", "{C5531B7B-93AA-4490-9A87-97ADB2F0005D}"
EndProject
Global
	GlobalSection(SolutionConfigurationPlatforms) = preSolution
		Debug|Any CPU = Debug|Any CPU
		Release|Any CPU = Release|Any CPU
	EndGlobalSection
	GlobalSection(ProjectConfigurationPlatforms) = postSolution
		{5DA0EAC1-8C60-42BF-94D6-ABD50746D743}.Debug|Any CPU.ActiveCfg = Debug|Any CPU
		{5DA0EAC1-8C60-42BF-94D6-ABD50746D743}.Debug|Any CPU.Build.0 = Debug|Any CPU
		{5DA0EAC1-8C60-42BF-94D6-ABD50746D743}.Release|Any CPU.ActiveCfg = Release|Any CPU
		{5DA0EAC1-8C60-42BF-94D6-ABD50746D743}.Release|Any CPU.Build.0 = Release|Any CPU
		{FB2668D3-ED33-41F6-A6BB-EC854FE2E2FB}.Debug|Any CPU.ActiveCfg = Debug|Any CPU
		{FB2668D3-ED33-41F6-A6BB-EC854FE2E2FB}.Debug|Any CPU.Build.0 = Debug|Any CPU
		{FB2668D3-ED33-41F6-A6BB-EC854FE2E2FB}.Release|Any CPU.ActiveCfg = Release|Any CPU
		{FB2668D3-ED33-41F6-A6BB-EC854FE2E2FB}.Release|Any CPU.Build.0 = Release|Any CPU
		{D07C8195-73AD-4E32-8C2F-42BAF48F93EC}.Debug|Any CPU.ActiveCfg = Debug|Any CPU
		{D07C8195-73AD-4E32-8C2F-42BAF48F93EC}.Debug|Any CPU.Build.0 = Debug|Any CPU
		{D07C8195-73AD-4E32-8C2F-42BAF48F93EC}.Release|Any CPU.ActiveCfg = Release|Any CPU
		{D07C8195-73AD-4E32-8C2F-42BAF48F93EC}.Release|Any CPU.Build.0 = Release|Any CPU
		{C5531B7B-93AA-4490-9A87-97ADB2F0005D}.Debug|Any CPU.ActiveCfg = Debug|Any CPU
		{C5531B7B-93AA-4490-9A87-97ADB2F0005D}.Debug|Any CPU.Build.0 = Debug|Any CPU
		{C5531B7B-93AA-4490-9A87-97ADB2F0005D}.Release|Any CPU.ActiveCfg = Release|Any CPU
		{C5531B7B-93AA-4490-9A87-97ADB2F0005D}.Release|Any CPU.Build.0 = Release|Any CPU
	EndGlobalSection
	GlobalSection(SolutionProperties) = preSolution
		HideSolutionNode = FALSE
	EndGlobalSection
	GlobalSection(ExtensibilityGlobals) = postSolution
		SolutionGuid = {D6851977-EFFC-4621-81E0-B637A5E4F128}
	EndGlobalSection
EndGlobal
